
Microsoft Visual Studio Solution File, Format Version 12.00
# Visual Studio Version 16
VisualStudioVersion = 16.0.31205.134
MinimumVisualStudioVersion = 10.0.40219.1
Project("{FAE04EC0-301F-11D3-BF4B-00C04F79EFBC}") = "work 1", "work 1\work 1.csproj", "{75D03C9E-7844-417A-B124-6179A3524451}"
EndProject
Project("{FAE04EC0-301F-11D3-BF4B-00C04F79EFBC}") = "work 2", "work 2\work 2.csproj", "{24AA7A47-7075-4C68-A579-CF18F8E2010B}"
EndProject
Project("{FAE04EC0-301F-11D3-BF4B-00C04F79EFBC}") = "work 3", "work 3\work 3.csproj", "{3C2D8EB9-DC14-4077-93FB-8D4311DBFBFA}"
EndProject
Project("{FAE04EC0-301F-11D3-BF4B-00C04F79EFBC}") = "work 4", "work 4\work 4.csproj", "{EB51B4FF-D659-435E-8EC9-92DD4E7566BA}"
EndProject
Project("{9A19103F-16F7-4668-BE54-9A1E7A4F7556}") = "work 6, 10", "work 6\work 6, 10.csproj", "{E0ACFE85-9C74-4AAE-B161-7A551644DD72}"
EndProject
Project("{FAE04EC0-301F-11D3-BF4B-00C04F79EFBC}") = "work 8", "work 8\work 8.csproj", "{3EC3B653-9706-48DE-9934-5E800F367679}"
EndProject
Project("{FAE04EC0-301F-11D3-BF4B-00C04F79EFBC}") = "work 7", "work 7\work 7.csproj", "{7273A49C-4F20-45D7-BF55-4237D194F240}"
EndProject
Global
	GlobalSection(SolutionConfigurationPlatforms) = preSolution
		Debug|Any CPU = Debug|Any CPU
		Release|Any CPU = Release|Any CPU
	EndGlobalSection
	GlobalSection(ProjectConfigurationPlatforms) = postSolution
		{75D03C9E-7844-417A-B124-6179A3524451}.Debug|Any CPU.ActiveCfg = Debug|Any CPU
		{75D03C9E-7844-417A-B124-6179A3524451}.Debug|Any CPU.Build.0 = Debug|Any CPU
		{75D03C9E-7844-417A-B124-6179A3524451}.Release|Any CPU.ActiveCfg = Release|Any CPU
		{75D03C9E-7844-417A-B124-6179A3524451}.Release|Any CPU.Build.0 = Release|Any CPU
		{24AA7A47-7075-4C68-A579-CF18F8E2010B}.Debug|Any CPU.ActiveCfg = Debug|Any CPU
		{24AA7A47-7075-4C68-A579-CF18F8E2010B}.Debug|Any CPU.Build.0 = Debug|Any CPU
		{24AA7A47-7075-4C68-A579-CF18F8E2010B}.Release|Any CPU.ActiveCfg = Release|Any CPU
		{24AA7A47-7075-4C68-A579-CF18F8E2010B}.Release|Any CPU.Build.0 = Release|Any CPU
		{3C2D8EB9-DC14-4077-93FB-8D4311DBFBFA}.Debug|Any CPU.ActiveCfg = Debug|Any CPU
		{3C2D8EB9-DC14-4077-93FB-8D4311DBFBFA}.Debug|Any CPU.Build.0 = Debug|Any CPU
		{3C2D8EB9-DC14-4077-93FB-8D4311DBFBFA}.Release|Any CPU.ActiveCfg = Release|Any CPU
		{3C2D8EB9-DC14-4077-93FB-8D4311DBFBFA}.Release|Any CPU.Build.0 = Release|Any CPU
		{EB51B4FF-D659-435E-8EC9-92DD4E7566BA}.Debug|Any CPU.ActiveCfg = Debug|Any CPU
		{EB51B4FF-D659-435E-8EC9-92DD4E7566BA}.Debug|Any CPU.Build.0 = Debug|Any CPU
		{EB51B4FF-D659-435E-8EC9-92DD4E7566BA}.Release|Any CPU.ActiveCfg = Release|Any CPU
		{EB51B4FF-D659-435E-8EC9-92DD4E7566BA}.Release|Any CPU.Build.0 = Release|Any CPU
		{E0ACFE85-9C74-4AAE-B161-7A551644DD72}.Debug|Any CPU.ActiveCfg = Debug|Any CPU
		{E0ACFE85-9C74-4AAE-B161-7A551644DD72}.Debug|Any CPU.Build.0 = Debug|Any CPU
		{E0ACFE85-9C74-4AAE-B161-7A551644DD72}.Release|Any CPU.ActiveCfg = Release|Any CPU
		{E0ACFE85-9C74-4AAE-B161-7A551644DD72}.Release|Any CPU.Build.0 = Release|Any CPU
		{3EC3B653-9706-48DE-9934-5E800F367679}.Debug|Any CPU.ActiveCfg = Debug|Any CPU
		{3EC3B653-9706-48DE-9934-5E800F367679}.Debug|Any CPU.Build.0 = Debug|Any CPU
		{3EC3B653-9706-48DE-9934-5E800F367679}.Release|Any CPU.ActiveCfg = Release|Any CPU
		{3EC3B653-9706-48DE-9934-5E800F367679}.Release|Any CPU.Build.0 = Release|Any CPU
		{7273A49C-4F20-45D7-BF55-4237D194F240}.Debug|Any CPU.ActiveCfg = Debug|Any CPU
		{7273A49C-4F20-45D7-BF55-4237D194F240}.Debug|Any CPU.Build.0 = Debug|Any CPU
		{7273A49C-4F20-45D7-BF55-4237D194F240}.Release|Any CPU.ActiveCfg = Release|Any CPU
		{7273A49C-4F20-45D7-BF55-4237D194F240}.Release|Any CPU.Build.0 = Release|Any CPU
	EndGlobalSection
	GlobalSection(SolutionProperties) = preSolution
		HideSolutionNode = FALSE
	EndGlobalSection
	GlobalSection(ExtensibilityGlobals) = postSolution
		SolutionGuid = {AE838B51-BBB6-4536-9D80-E5F90025F1AF}
	EndGlobalSection
EndGlobal
